
Microsoft Visual Studio Solution File, Format Version 12.00
# Visual Studio 15
VisualStudioVersion = 15.0.28010.2036
MinimumVisualStudioVersion = 10.0.40219.1
Project("{9A19103F-16F7-4668-BE54-9A1E7A4F7556}") = "UnitTests", "UnitTests\UnitTests.csproj", "{A5CE4AF6-83BF-4A24-9829-2DE35FDE576C}"
EndProject
Project("{9A19103F-16F7-4668-BE54-9A1E7A4F7556}") = "Core", "Core\Core.csproj", "{B2EF20C1-F72E-4356-A903-A9AE419DB924}"
EndProject
Project("{2150E333-8FDC-42A3-9474-1A3956D46DE8}") = "Solution Items", "Solution Items", "{9C360436-729A-48BF-871F-98E7EFBD702C}"
	ProjectSection(SolutionItems) = preProject
		..\build.ps1 = ..\build.ps1
		..\BuildFunctions.ps1 = ..\BuildFunctions.ps1
		NuGet.config = NuGet.config
		..\PrivateBuild.ps1 = ..\PrivateBuild.ps1
		..\README.md = ..\README.md
	EndProjectSection
EndProject
Project("{9A19103F-16F7-4668-BE54-9A1E7A4F7556}") = "DataAccess", "DataAccess\DataAccess.csproj", "{BE3C1210-3FB8-492E-A436-79A9B4A63B68}"
EndProject
Project("{9A19103F-16F7-4668-BE54-9A1E7A4F7556}") = "IntegrationTests", "IntegrationTests\IntegrationTests.csproj", "{44877005-31A0-49E6-8659-AEDF2AD942ED}"
	ProjectSection(ProjectDependencies) = postProject
		{0896AC4E-9343-45CA-BA58-B74977C2DAF3} = {0896AC4E-9343-45CA-BA58-B74977C2DAF3}
	EndProjectSection
EndProject
Project("{9A19103F-16F7-4668-BE54-9A1E7A4F7556}") = "UI", "UI\UI.csproj", "{0896AC4E-9343-45CA-BA58-B74977C2DAF3}"
EndProject
Project("{9A19103F-16F7-4668-BE54-9A1E7A4F7556}") = "Core.AppStartup", "Core.AppStartup\Core.AppStartup.csproj", "{59114AC8-A32F-4C88-8E33-E9FA3115ED49}"
EndProject
Project("{00D1A9C2-B5F0-4AF3-8072-F6C62B433612}") = "Database.OnionDevOpsArchitecture", "Database.OnionDevOpsArchitecture\Database.OnionDevOpsArchitecture.sqlproj", "{ACDEDCF2-EA85-467C-B11A-22234DBC1B6F}"
EndProject
Global
	GlobalSection(SolutionConfigurationPlatforms) = preSolution
		Debug|Any CPU = Debug|Any CPU
		Release|Any CPU = Release|Any CPU
	EndGlobalSection
	GlobalSection(ProjectConfigurationPlatforms) = postSolution
		{A5CE4AF6-83BF-4A24-9829-2DE35FDE576C}.Debug|Any CPU.ActiveCfg = Debug|Any CPU
		{A5CE4AF6-83BF-4A24-9829-2DE35FDE576C}.Debug|Any CPU.Build.0 = Debug|Any CPU
		{A5CE4AF6-83BF-4A24-9829-2DE35FDE576C}.Release|Any CPU.ActiveCfg = Release|Any CPU
		{A5CE4AF6-83BF-4A24-9829-2DE35FDE576C}.Release|Any CPU.Build.0 = Release|Any CPU
		{B2EF20C1-F72E-4356-A903-A9AE419DB924}.Debug|Any CPU.ActiveCfg = Debug|Any CPU
		{B2EF20C1-F72E-4356-A903-A9AE419DB924}.Debug|Any CPU.Build.0 = Debug|Any CPU
		{B2EF20C1-F72E-4356-A903-A9AE419DB924}.Release|Any CPU.ActiveCfg = Release|Any CPU
		{B2EF20C1-F72E-4356-A903-A9AE419DB924}.Release|Any CPU.Build.0 = Release|Any CPU
		{BE3C1210-3FB8-492E-A436-79A9B4A63B68}.Debug|Any CPU.ActiveCfg = Debug|Any CPU
		{BE3C1210-3FB8-492E-A436-79A9B4A63B68}.Debug|Any CPU.Build.0 = Debug|Any CPU
		{BE3C1210-3FB8-492E-A436-79A9B4A63B68}.Release|Any CPU.ActiveCfg = Release|Any CPU
		{BE3C1210-3FB8-492E-A436-79A9B4A63B68}.Release|Any CPU.Build.0 = Release|Any CPU
		{44877005-31A0-49E6-8659-AEDF2AD942ED}.Debug|Any CPU.ActiveCfg = Debug|Any CPU
		{44877005-31A0-49E6-8659-AEDF2AD942ED}.Debug|Any CPU.Build.0 = Debug|Any CPU
		{44877005-31A0-49E6-8659-AEDF2AD942ED}.Release|Any CPU.ActiveCfg = Release|Any CPU
		{44877005-31A0-49E6-8659-AEDF2AD942ED}.Release|Any CPU.Build.0 = Release|Any CPU
		{0896AC4E-9343-45CA-BA58-B74977C2DAF3}.Debug|Any CPU.ActiveCfg = Debug|Any CPU
		{0896AC4E-9343-45CA-BA58-B74977C2DAF3}.Debug|Any CPU.Build.0 = Debug|Any CPU
		{0896AC4E-9343-45CA-BA58-B74977C2DAF3}.Release|Any CPU.ActiveCfg = Release|Any CPU
		{0896AC4E-9343-45CA-BA58-B74977C2DAF3}.Release|Any CPU.Build.0 = Release|Any CPU
		{59114AC8-A32F-4C88-8E33-E9FA3115ED49}.Debug|Any CPU.ActiveCfg = Debug|Any CPU
		{59114AC8-A32F-4C88-8E33-E9FA3115ED49}.Debug|Any CPU.Build.0 = Debug|Any CPU
		{59114AC8-A32F-4C88-8E33-E9FA3115ED49}.Release|Any CPU.ActiveCfg = Release|Any CPU
		{59114AC8-A32F-4C88-8E33-E9FA3115ED49}.Release|Any CPU.Build.0 = Release|Any CPU
		{ACDEDCF2-EA85-467C-B11A-22234DBC1B6F}.Debug|Any CPU.ActiveCfg = Debug|Any CPU
		{ACDEDCF2-EA85-467C-B11A-22234DBC1B6F}.Debug|Any CPU.Build.0 = Debug|Any CPU
		{ACDEDCF2-EA85-467C-B11A-22234DBC1B6F}.Debug|Any CPU.Deploy.0 = Debug|Any CPU
		{ACDEDCF2-EA85-467C-B11A-22234DBC1B6F}.Release|Any CPU.ActiveCfg = Release|Any CPU
		{ACDEDCF2-EA85-467C-B11A-22234DBC1B6F}.Release|Any CPU.Build.0 = Release|Any CPU
		{ACDEDCF2-EA85-467C-B11A-22234DBC1B6F}.Release|Any CPU.Deploy.0 = Release|Any CPU
	EndGlobalSection
	GlobalSection(SolutionProperties) = preSolution
		HideSolutionNode = FALSE
	EndGlobalSection
	GlobalSection(ExtensibilityGlobals) = postSolution
		SolutionGuid = {492E3182-F7C2-4862-9C82-786466AB24AB}
	EndGlobalSection
EndGlobal
