
Microsoft Visual Studio Solution File, Format Version 12.00
# Visual Studio 15
VisualStudioVersion = 15.0.28010.2036
MinimumVisualStudioVersion = 10.0.40219.1
Project("{9A19103F-16F7-4668-BE54-9A1E7A4F7556}") = "UnitTests", "UnitTests\UnitTests.csproj", "{A5CE4AF6-83BF-4A24-9829-2DE35FDE576C}"
EndProject
Project("{9A19103F-16F7-4668-BE54-9A1E7A4F7556}") = "Core", "Core\Core.csproj", "{B2EF20C1-F72E-4356-A903-A9AE419DB924}"
EndProject
Project("{2150E333-8FDC-42A3-9474-1A3956D46DE8}") = "Solution Items", "Solution Items", "{9C360436-729A-48BF-871F-98E7EFBD702C}"
	ProjectSection(SolutionItems) = preProject
		..\build.ps1 = ..\build.ps1
		..\BuildFunctions.ps1 = ..\BuildFunctions.ps1
		NuGet.config = NuGet.config
	EndProjectSection
EndProject
Global
	GlobalSection(SolutionConfigurationPlatforms) = preSolution
		Debug|Any CPU = Debug|Any CPU
		Release|Any CPU = Release|Any CPU
	EndGlobalSection
	GlobalSection(ProjectConfigurationPlatforms) = postSolution
		{A5CE4AF6-83BF-4A24-9829-2DE35FDE576C}.Debug|Any CPU.ActiveCfg = Debug|Any CPU
		{A5CE4AF6-83BF-4A24-9829-2DE35FDE576C}.Debug|Any CPU.Build.0 = Debug|Any CPU
		{A5CE4AF6-83BF-4A24-9829-2DE35FDE576C}.Release|Any CPU.ActiveCfg = Release|Any CPU
		{A5CE4AF6-83BF-4A24-9829-2DE35FDE576C}.Release|Any CPU.Build.0 = Release|Any CPU
		{B2EF20C1-F72E-4356-A903-A9AE419DB924}.Debug|Any CPU.ActiveCfg = Debug|Any CPU
		{B2EF20C1-F72E-4356-A903-A9AE419DB924}.Debug|Any CPU.Build.0 = Debug|Any CPU
		{B2EF20C1-F72E-4356-A903-A9AE419DB924}.Release|Any CPU.ActiveCfg = Release|Any CPU
		{B2EF20C1-F72E-4356-A903-A9AE419DB924}.Release|Any CPU.Build.0 = Release|Any CPU
	EndGlobalSection
	GlobalSection(SolutionProperties) = preSolution
		HideSolutionNode = FALSE
	EndGlobalSection
	GlobalSection(ExtensibilityGlobals) = postSolution
		SolutionGuid = {492E3182-F7C2-4862-9C82-786466AB24AB}
	EndGlobalSection
EndGlobal
